
Microsoft Visual Studio Solution File, Format Version 12.00
# Visual Studio Version 17
VisualStudioVersion = 17.8.34309.116
MinimumVisualStudioVersion = 10.0.40219.1
Project("{FAE04EC0-301F-11D3-BF4B-00C04F79EFBC}") = "05.12.23", "05.12.23.csproj", "{F6C4CFE7-6388-4A10-8BC3-EB51E4CBC5AA}"
EndProject
Project("{FAE04EC0-301F-11D3-BF4B-00C04F79EFBC}") = "Tum_14", "..\Tum_14\Tum_14.csproj", "{C42ECF34-E456-4E57-8DCC-EB926E271736}"
EndProject
Global
	GlobalSection(SolutionConfigurationPlatforms) = preSolution
		Debug|Any CPU = Debug|Any CPU
		Release|Any CPU = Release|Any CPU
	EndGlobalSection
	GlobalSection(ProjectConfigurationPlatforms) = postSolution
		{F6C4CFE7-6388-4A10-8BC3-EB51E4CBC5AA}.Debug|Any CPU.ActiveCfg = Debug|Any CPU
		{F6C4CFE7-6388-4A10-8BC3-EB51E4CBC5AA}.Debug|Any CPU.Build.0 = Debug|Any CPU
		{F6C4CFE7-6388-4A10-8BC3-EB51E4CBC5AA}.Release|Any CPU.ActiveCfg = Release|Any CPU
		{F6C4CFE7-6388-4A10-8BC3-EB51E4CBC5AA}.Release|Any CPU.Build.0 = Release|Any CPU
		{C42ECF34-E456-4E57-8DCC-EB926E271736}.Debug|Any CPU.ActiveCfg = Debug|Any CPU
		{C42ECF34-E456-4E57-8DCC-EB926E271736}.Debug|Any CPU.Build.0 = Debug|Any CPU
		{C42ECF34-E456-4E57-8DCC-EB926E271736}.Release|Any CPU.ActiveCfg = Release|Any CPU
		{C42ECF34-E456-4E57-8DCC-EB926E271736}.Release|Any CPU.Build.0 = Release|Any CPU
	EndGlobalSection
	GlobalSection(SolutionProperties) = preSolution
		HideSolutionNode = FALSE
	EndGlobalSection
	GlobalSection(ExtensibilityGlobals) = postSolution
		SolutionGuid = {62AF12D5-EFCF-4129-A67C-06CF2D961EC7}
	EndGlobalSection
EndGlobal
